
Microsoft Visual Studio Solution File, Format Version 12.00
# Visual Studio 2012
Project("{FAE04EC0-301F-11D3-BF4B-00C04F79EFBC}") = "gun5Oyun", "gun5Oyun\gun5Oyun.csproj", "{84595D98-C1EF-4A2A-AFE3-697323D09064}"
EndProject
Global
	GlobalSection(SolutionConfigurationPlatforms) = preSolution
		Debug|Any CPU = Debug|Any CPU
		Release|Any CPU = Release|Any CPU
	EndGlobalSection
	GlobalSection(ProjectConfigurationPlatforms) = postSolution
		{84595D98-C1EF-4A2A-AFE3-697323D09064}.Debug|Any CPU.ActiveCfg = Debug|Any CPU
		{84595D98-C1EF-4A2A-AFE3-697323D09064}.Debug|Any CPU.Build.0 = Debug|Any CPU
		{84595D98-C1EF-4A2A-AFE3-697323D09064}.Release|Any CPU.ActiveCfg = Release|Any CPU
		{84595D98-C1EF-4A2A-AFE3-697323D09064}.Release|Any CPU.Build.0 = Release|Any CPU
	EndGlobalSection
	GlobalSection(SolutionProperties) = preSolution
		HideSolutionNode = FALSE
	EndGlobalSection
EndGlobal
